
Microsoft Visual Studio Solution File, Format Version 12.00
# Visual Studio Version 17
VisualStudioVersion = 17.4.33213.308
MinimumVisualStudioVersion = 10.0.40219.1
Project("{FAE04EC0-301F-11D3-BF4B-00C04F79EFBC}") = "411018450", "411018450\411018450.csproj", "{72D3CD80-0676-4F44-8A68-BF578D6D83FB}"
EndProject
Global
	GlobalSection(SolutionConfigurationPlatforms) = preSolution
		Debug|Any CPU = Debug|Any CPU
		Release|Any CPU = Release|Any CPU
	EndGlobalSection
	GlobalSection(ProjectConfigurationPlatforms) = postSolution
		{72D3CD80-0676-4F44-8A68-BF578D6D83FB}.Debug|Any CPU.ActiveCfg = Debug|Any CPU
		{72D3CD80-0676-4F44-8A68-BF578D6D83FB}.Debug|Any CPU.Build.0 = Debug|Any CPU
		{72D3CD80-0676-4F44-8A68-BF578D6D83FB}.Release|Any CPU.ActiveCfg = Release|Any CPU
		{72D3CD80-0676-4F44-8A68-BF578D6D83FB}.Release|Any CPU.Build.0 = Release|Any CPU
	EndGlobalSection
	GlobalSection(SolutionProperties) = preSolution
		HideSolutionNode = FALSE
	EndGlobalSection
	GlobalSection(ExtensibilityGlobals) = postSolution
		SolutionGuid = {F973E36F-1DF0-487D-B185-B7835C8331B7}
	EndGlobalSection
EndGlobal
